
Microsoft Visual Studio Solution File, Format Version 12.00
# Visual Studio Version 16
VisualStudioVersion = 16.0.32929.386
MinimumVisualStudioVersion = 10.0.40219.1
Project("{9A19103F-16F7-4668-BE54-9A1E7A4F7556}") = "WebApi", "WebApi\WebApi.csproj", "{29221836-E24C-48A7-94AF-EA0F148FC0F7}"
EndProject
Project("{9A19103F-16F7-4668-BE54-9A1E7A4F7556}") = "WebApi.Tests", "WebApi.Tests\WebApi.Tests.csproj", "{AF5425BC-0D30-43AC-92B5-A28B1D4A940E}"
EndProject
Project("{FAE04EC0-301F-11D3-BF4B-00C04F79EFBC}") = "BLL", "BLL\BLL.csproj", "{0C6A4223-0DF1-44A5-811A-7508856A452D}"
EndProject
Global
	GlobalSection(SolutionConfigurationPlatforms) = preSolution
		Debug|Any CPU = Debug|Any CPU
		Release|Any CPU = Release|Any CPU
	EndGlobalSection
	GlobalSection(ProjectConfigurationPlatforms) = postSolution
		{29221836-E24C-48A7-94AF-EA0F148FC0F7}.Debug|Any CPU.ActiveCfg = Debug|Any CPU
		{29221836-E24C-48A7-94AF-EA0F148FC0F7}.Debug|Any CPU.Build.0 = Debug|Any CPU
		{29221836-E24C-48A7-94AF-EA0F148FC0F7}.Release|Any CPU.ActiveCfg = Release|Any CPU
		{29221836-E24C-48A7-94AF-EA0F148FC0F7}.Release|Any CPU.Build.0 = Release|Any CPU
		{AF5425BC-0D30-43AC-92B5-A28B1D4A940E}.Debug|Any CPU.ActiveCfg = Debug|Any CPU
		{AF5425BC-0D30-43AC-92B5-A28B1D4A940E}.Debug|Any CPU.Build.0 = Debug|Any CPU
		{AF5425BC-0D30-43AC-92B5-A28B1D4A940E}.Release|Any CPU.ActiveCfg = Release|Any CPU
		{AF5425BC-0D30-43AC-92B5-A28B1D4A940E}.Release|Any CPU.Build.0 = Release|Any CPU
		{0C6A4223-0DF1-44A5-811A-7508856A452D}.Debug|Any CPU.ActiveCfg = Debug|Any CPU
		{0C6A4223-0DF1-44A5-811A-7508856A452D}.Debug|Any CPU.Build.0 = Debug|Any CPU
		{0C6A4223-0DF1-44A5-811A-7508856A452D}.Release|Any CPU.ActiveCfg = Release|Any CPU
		{0C6A4223-0DF1-44A5-811A-7508856A452D}.Release|Any CPU.Build.0 = Release|Any CPU
	EndGlobalSection
	GlobalSection(SolutionProperties) = preSolution
		HideSolutionNode = FALSE
	EndGlobalSection
	GlobalSection(ExtensibilityGlobals) = postSolution
		SolutionGuid = {BB9AC59C-F0A8-4BB2-B1DF-578321C037BB}
	EndGlobalSection
EndGlobal
